Microsoft Visual Studio Solution File, Format Version 12.00
# Visual Studio Version 17
VisualStudioVersion = 17.0.32014.148
MinimumVisualStudioVersion = 10.0.40219.1
Project("{9A19103F-16F7-4668-BE54-9A1E7A4F7556}") = "SmartHomeCalculator", "Examples\SmartHomeCalculator\SmartHomeCalculator.csproj", "{57E21580-3837-494A-988D-DE64A5F2CDA3}"
EndProject
Project("{9A19103F-16F7-4668-BE54-9A1E7A4F7556}") = "CanvasComponent", "SharedComponents\CanvasComponent\CanvasComponent.csproj", "{7A434D1C-44FD-46D8-833E-4D44FE5E63E8}"
EndProject
Project("{9A19103F-16F7-4668-BE54-9A1E7A4F7556}") = "CanvasComponent-Tests", "Tests\CanvasComponent-Tests.csproj", "{37E797D7-B982-4AD0-9C06-6E4BA5AEB5D4}"
EndProject
Project("{9A19103F-16F7-4668-BE54-9A1E7A4F7556}") = "SmartHomePriceCalculator-Wasm", "Examples\SmartHomeCalculator-Wasm\SmartHomePriceCalculator-Wasm.csproj", "{374C3DA2-94EF-4FE1-9214-95EBA49D6766}"
EndProject
Project("{9A19103F-16F7-4668-BE54-9A1E7A4F7556}") = "JSComponentGeneration", "JSGeneration\JSComponentGeneration\JSComponentGeneration.csproj", "{EC600CAE-BE15-4284-AD43-9BFF2A2FE26A}"
EndProject
Global
	GlobalSection(SolutionConfigurationPlatforms) = preSolution
		Debug|Any CPU = Debug|Any CPU
		Release|Any CPU = Release|Any CPU
	EndGlobalSection
	GlobalSection(ProjectConfigurationPlatforms) = postSolution
		{57E21580-3837-494A-988D-DE64A5F2CDA3}.Debug|Any CPU.ActiveCfg = Debug|Any CPU
		{57E21580-3837-494A-988D-DE64A5F2CDA3}.Debug|Any CPU.Build.0 = Debug|Any CPU
		{57E21580-3837-494A-988D-DE64A5F2CDA3}.Release|Any CPU.ActiveCfg = Release|Any CPU
		{57E21580-3837-494A-988D-DE64A5F2CDA3}.Release|Any CPU.Build.0 = Release|Any CPU
		{7A434D1C-44FD-46D8-833E-4D44FE5E63E8}.Debug|Any CPU.ActiveCfg = Debug|Any CPU
		{7A434D1C-44FD-46D8-833E-4D44FE5E63E8}.Debug|Any CPU.Build.0 = Debug|Any CPU
		{7A434D1C-44FD-46D8-833E-4D44FE5E63E8}.Release|Any CPU.ActiveCfg = Release|Any CPU
		{7A434D1C-44FD-46D8-833E-4D44FE5E63E8}.Release|Any CPU.Build.0 = Release|Any CPU
		{37E797D7-B982-4AD0-9C06-6E4BA5AEB5D4}.Debug|Any CPU.ActiveCfg = Debug|Any CPU
		{37E797D7-B982-4AD0-9C06-6E4BA5AEB5D4}.Debug|Any CPU.Build.0 = Debug|Any CPU
		{37E797D7-B982-4AD0-9C06-6E4BA5AEB5D4}.Release|Any CPU.ActiveCfg = Release|Any CPU
		{37E797D7-B982-4AD0-9C06-6E4BA5AEB5D4}.Release|Any CPU.Build.0 = Release|Any CPU
		{374C3DA2-94EF-4FE1-9214-95EBA49D6766}.Debug|Any CPU.ActiveCfg = Debug|Any CPU
		{374C3DA2-94EF-4FE1-9214-95EBA49D6766}.Debug|Any CPU.Build.0 = Debug|Any CPU
		{374C3DA2-94EF-4FE1-9214-95EBA49D6766}.Release|Any CPU.ActiveCfg = Release|Any CPU
		{374C3DA2-94EF-4FE1-9214-95EBA49D6766}.Release|Any CPU.Build.0 = Release|Any CPU
		{EC600CAE-BE15-4284-AD43-9BFF2A2FE26A}.Debug|Any CPU.ActiveCfg = Debug|Any CPU
		{EC600CAE-BE15-4284-AD43-9BFF2A2FE26A}.Debug|Any CPU.Build.0 = Debug|Any CPU
		{EC600CAE-BE15-4284-AD43-9BFF2A2FE26A}.Release|Any CPU.ActiveCfg = Release|Any CPU
		{EC600CAE-BE15-4284-AD43-9BFF2A2FE26A}.Release|Any CPU.Build.0 = Release|Any CPU
	EndGlobalSection
	GlobalSection(SolutionProperties) = preSolution
		HideSolutionNode = FALSE
	EndGlobalSection
	GlobalSection(ExtensibilityGlobals) = postSolution
		SolutionGuid = {0CE4C0C2-2926-4123-81B6-F85CC2DC1D9E}
	EndGlobalSection
EndGlobal
